# This file is autogenerated, do not edit; changes may be undone by the next 'dep ensure'.


[[projects]]
  branch = "master"
  name = "github.com/DHowett/go-plist"
  packages = ["."]
  revision = "2f847ea62b17703c861484a09f0e5841328a2cb9"

[[projects]]
  branch = "master"
  name = "github.com/DHowett/ranger"
  packages = ["."]
  revision = "b7738d75f1a66ec8f11205f495ebc9d13c3d02c2"

[solve-meta]
  analyzer-name = "dep"
  analyzer-version = 1
  inputs-digest = "0005787b2895b3eab850e8a358f1fda66e4a9d875b54ed7749f0f1d67e35f70a"
  solver-name = "gps-cdcl"
  solver-version = 1
